
Microsoft Visual Studio Solution File, Format Version 12.00
# Visual Studio 2013
VisualStudioVersion = 12.0.21005.1
MinimumVisualStudioVersion = 10.0.40219.1
Project("{FAE04EC0-301F-11D3-BF4B-00C04F79EFBC}") = "SistemaCadastroLeitura", "WebApplication5\SistemaCadastroLeitura.csproj", "{7CF7819C-86AC-40DA-A8AE-BB169884C257}"
EndProject
Project("{FAE04EC0-301F-11D3-BF4B-00C04F79EFBC}") = "DataBase", "ClassLibrary1\DataBase.csproj", "{742C4D05-9DC6-4675-A269-6261255FC8ED}"
EndProject
Project("{FAE04EC0-301F-11D3-BF4B-00C04F79EFBC}") = "Entities", "Domain\Entities.csproj", "{48B53C72-0C7F-41C7-8B33-1330FECA1EFE}"
EndProject
Global
	GlobalSection(SolutionConfigurationPlatforms) = preSolution
		Debug|Any CPU = Debug|Any CPU
		Release|Any CPU = Release|Any CPU
	EndGlobalSection
	GlobalSection(ProjectConfigurationPlatforms) = postSolution
		{7CF7819C-86AC-40DA-A8AE-BB169884C257}.Debug|Any CPU.ActiveCfg = Debug|Any CPU
		{7CF7819C-86AC-40DA-A8AE-BB169884C257}.Debug|Any CPU.Build.0 = Debug|Any CPU
		{7CF7819C-86AC-40DA-A8AE-BB169884C257}.Release|Any CPU.ActiveCfg = Release|Any CPU
		{7CF7819C-86AC-40DA-A8AE-BB169884C257}.Release|Any CPU.Build.0 = Release|Any CPU
		{742C4D05-9DC6-4675-A269-6261255FC8ED}.Debug|Any CPU.ActiveCfg = Debug|Any CPU
		{742C4D05-9DC6-4675-A269-6261255FC8ED}.Debug|Any CPU.Build.0 = Debug|Any CPU
		{742C4D05-9DC6-4675-A269-6261255FC8ED}.Release|Any CPU.ActiveCfg = Release|Any CPU
		{742C4D05-9DC6-4675-A269-6261255FC8ED}.Release|Any CPU.Build.0 = Release|Any CPU
		{48B53C72-0C7F-41C7-8B33-1330FECA1EFE}.Debug|Any CPU.ActiveCfg = Debug|Any CPU
		{48B53C72-0C7F-41C7-8B33-1330FECA1EFE}.Debug|Any CPU.Build.0 = Debug|Any CPU
		{48B53C72-0C7F-41C7-8B33-1330FECA1EFE}.Release|Any CPU.ActiveCfg = Release|Any CPU
		{48B53C72-0C7F-41C7-8B33-1330FECA1EFE}.Release|Any CPU.Build.0 = Release|Any CPU
	EndGlobalSection
	GlobalSection(SolutionProperties) = preSolution
		HideSolutionNode = FALSE
	EndGlobalSection
EndGlobal
